
Microsoft Visual Studio Solution File, Format Version 12.00
# Visual Studio Version 17
VisualStudioVersion = 17.4.33110.190
MinimumVisualStudioVersion = 10.0.40219.1
Project("{FAE04EC0-301F-11D3-BF4B-00C04F79EFBC}") = "trabalhoinportante", "trabalhoinportante\trabalhoinportante.csproj", "{0F6D9511-EA77-4D99-943B-E0C2DA9E2634}"
EndProject
Global
	GlobalSection(SolutionConfigurationPlatforms) = preSolution
		Debug|Any CPU = Debug|Any CPU
		Release|Any CPU = Release|Any CPU
	EndGlobalSection
	GlobalSection(ProjectConfigurationPlatforms) = postSolution
		{0F6D9511-EA77-4D99-943B-E0C2DA9E2634}.Debug|Any CPU.ActiveCfg = Debug|Any CPU
		{0F6D9511-EA77-4D99-943B-E0C2DA9E2634}.Debug|Any CPU.Build.0 = Debug|Any CPU
		{0F6D9511-EA77-4D99-943B-E0C2DA9E2634}.Release|Any CPU.ActiveCfg = Release|Any CPU
		{0F6D9511-EA77-4D99-943B-E0C2DA9E2634}.Release|Any CPU.Build.0 = Release|Any CPU
	EndGlobalSection
	GlobalSection(SolutionProperties) = preSolution
		HideSolutionNode = FALSE
	EndGlobalSection
	GlobalSection(ExtensibilityGlobals) = postSolution
		SolutionGuid = {4BF04CBA-BE6B-4FB3-B37A-244D77C473C8}
	EndGlobalSection
EndGlobal
